{
  "version": 4,
  "terraform_version": "1.5.7",
  "serial": 26,
  "lineage": "5f0af914-8c77-e3f9-e571-7ffb9d02bde7",
  "outputs": {
    "vpc_config": {
      "value": {
        "aws_availability_zones": [
          "us-west-2a",
          "us-west-2b",
          "us-west-2c",
          "us-west-2d"
        ],
        "igw_id": "igw-00a45a1c60ca332ce",
        "private_route_table_id": "rtb-066b1b850a01db6e3",
        "private_subnet_cidr_blocks": [
          "10.0.1.0/24",
          "10.0.3.0/24",
          "10.0.5.0/24",
          "10.0.7.0/24"
        ],
        "private_subnet_ids": [
          "subnet-0882e5dde0460afc1",
          "subnet-0f47a198cd80d93b4",
          "subnet-00ed4d55f2709f143",
          "subnet-00b69d899813e3a89"
        ],
        "public_route_table_id": "rtb-049e76c685592a53b",
        "public_subnet_cidr_blocks": [
          "10.0.0.0/24",
          "10.0.2.0/24",
          "10.0.4.0/24",
          "10.0.6.0/24"
        ],
        "public_subnet_ids": [
          "subnet-01d253e866a40e9d5",
          "subnet-09b1934a156df514a",
          "subnet-0932f138ae1a802ae",
          "subnet-01e90c5ba549a635a"
        ],
        "vpc_cidr_block": "10.0.0.0/16",
        "vpc_id": "vpc-01df5a51282f12362"
      },
      "type": [
        "object",
        {
          "aws_availability_zones": [
            "list",
            "string"
          ],
          "igw_id": "string",
          "private_route_table_id": "string",
          "private_subnet_cidr_blocks": [
            "tuple",
            [
              "string",
              "string",
              "string",
              "string"
            ]
          ],
          "private_subnet_ids": [
            "tuple",
            [
              "string",
              "string",
              "string",
              "string"
            ]
          ],
          "public_route_table_id": "string",
          "public_subnet_cidr_blocks": [
            "tuple",
            [
              "string",
              "string",
              "string",
              "string"
            ]
          ],
          "public_subnet_ids": [
            "tuple",
            [
              "string",
              "string",
              "string",
              "string"
            ]
          ],
          "vpc_cidr_block": "string",
          "vpc_id": "string"
        }
      ]
    }
  },
  "resources": [
    {
      "module": "module.vpc",
      "mode": "data",
      "type": "aws_availability_zones",
      "name": "available",
      "provider": "provider[\"registry.terraform.io/hashicorp/aws\"]",
      "instances": [
        {
          "schema_version": 0,
          "attributes": {
            "all_availability_zones": null,
            "exclude_names": null,
            "exclude_zone_ids": null,
            "filter": [
              {
                "name": "opt-in-status",
                "values": [
                  "opt-in-not-required"
                ]
              }
            ],
            "group_names": [
              "us-west-2-zg-1"
            ],
            "id": "us-west-2",
            "names": [
              "us-west-2a",
              "us-west-2b",
              "us-west-2c",
              "us-west-2d"
            ],
            "state": "available",
            "zone_ids": [
              "usw2-az1",
              "usw2-az2",
              "usw2-az3",
              "usw2-az4"
            ]
          },
          "sensitive_attributes": []
        }
      ]
    },
    {
      "module": "module.vpc",
      "mode": "managed",
      "type": "aws_internet_gateway",
      "name": "igw",
      "provider": "provider[\"registry.terraform.io/hashicorp/aws\"]",
      "instances": [
        {
          "schema_version": 0,
          "attributes": {
            "arn": "arn:aws:ec2:us-west-2:657114950082:internet-gateway/igw-00a45a1c60ca332ce",
            "id": "igw-00a45a1c60ca332ce",
            "owner_id": "657114950082",
            "tags": {
              "Name": "custom-vpc-igw"
            },
            "tags_all": {
              "ManagedBy": "Terraform",
              "Name": "custom-vpc-igw",
              "Project": "project"
            },
            "vpc_id": "vpc-01df5a51282f12362"
          },
          "sensitive_attributes": [],
          "private": "bnVsbA==",
          "dependencies": [
            "module.vpc.aws_vpc.custom_vpc"
          ]
        }
      ]
    },
    {
      "module": "module.vpc",
      "mode": "managed",
      "type": "aws_route_table",
      "name": "private_route_table",
      "provider": "provider[\"registry.terraform.io/hashicorp/aws\"]",
      "instances": [
        {
          "schema_version": 0,
          "attributes": {
            "arn": "arn:aws:ec2:us-west-2:657114950082:route-table/rtb-066b1b850a01db6e3",
            "id": "rtb-066b1b850a01db6e3",
            "owner_id": "657114950082",
            "propagating_vgws": [],
            "route": [
              {
                "carrier_gateway_id": "",
                "cidr_block": "0.0.0.0/0",
                "destination_prefix_list_id": "",
                "egress_only_gateway_id": "",
                "gateway_id": "igw-00a45a1c60ca332ce",
                "instance_id": "",
                "ipv6_cidr_block": "",
                "local_gateway_id": "",
                "nat_gateway_id": "",
                "network_interface_id": "",
                "transit_gateway_id": "",
                "vpc_endpoint_id": "",
                "vpc_peering_connection_id": ""
              }
            ],
            "tags": {
              "Name": "custom-vpc-private-rt"
            },
            "tags_all": {
              "ManagedBy": "Terraform",
              "Name": "custom-vpc-private-rt",
              "Project": "project"
            },
            "timeouts": null,
            "vpc_id": "vpc-01df5a51282f12362"
          },
          "sensitive_attributes": [],
          "private": "eyJlMmJmYjczMC1lY2FhLTExZTYtOGY4OC0zNDM2M2JjN2M0YzAiOnsiY3JlYXRlIjozMDAwMDAwMDAwMDAsImRlbGV0ZSI6MzAwMDAwMDAwMDAwLCJ1cGRhdGUiOjEyMDAwMDAwMDAwMH19",
          "dependencies": [
            "module.vpc.aws_internet_gateway.igw",
            "module.vpc.aws_vpc.custom_vpc"
          ]
        }
      ]
    },
    {
      "module": "module.vpc",
      "mode": "managed",
      "type": "aws_route_table",
      "name": "public_route_table",
      "provider": "provider[\"registry.terraform.io/hashicorp/aws\"]",
      "instances": [
        {
          "schema_version": 0,
          "attributes": {
            "arn": "arn:aws:ec2:us-west-2:657114950082:route-table/rtb-049e76c685592a53b",
            "id": "rtb-049e76c685592a53b",
            "owner_id": "657114950082",
            "propagating_vgws": [],
            "route": [
              {
                "carrier_gateway_id": "",
                "cidr_block": "0.0.0.0/0",
                "destination_prefix_list_id": "",
                "egress_only_gateway_id": "",
                "gateway_id": "igw-00a45a1c60ca332ce",
                "instance_id": "",
                "ipv6_cidr_block": "",
                "local_gateway_id": "",
                "nat_gateway_id": "",
                "network_interface_id": "",
                "transit_gateway_id": "",
                "vpc_endpoint_id": "",
                "vpc_peering_connection_id": ""
              }
            ],
            "tags": {
              "Name": "custom-vpc-public-rt"
            },
            "tags_all": {
              "ManagedBy": "Terraform",
              "Name": "custom-vpc-public-rt",
              "Project": "project"
            },
            "timeouts": null,
            "vpc_id": "vpc-01df5a51282f12362"
          },
          "sensitive_attributes": [],
          "private": "eyJlMmJmYjczMC1lY2FhLTExZTYtOGY4OC0zNDM2M2JjN2M0YzAiOnsiY3JlYXRlIjozMDAwMDAwMDAwMDAsImRlbGV0ZSI6MzAwMDAwMDAwMDAwLCJ1cGRhdGUiOjEyMDAwMDAwMDAwMH19",
          "dependencies": [
            "module.vpc.aws_internet_gateway.igw",
            "module.vpc.aws_vpc.custom_vpc"
          ]
        }
      ]
    },
    {
      "module": "module.vpc",
      "mode": "managed",
      "type": "aws_route_table_association",
      "name": "private_subnet_association",
      "provider": "provider[\"registry.terraform.io/hashicorp/aws\"]",
      "instances": [
        {
          "index_key": "us-west-2a",
          "schema_version": 0,
          "attributes": {
            "gateway_id": "",
            "id": "rtbassoc-09872d7753e4b6164",
            "route_table_id": "rtb-066b1b850a01db6e3",
            "subnet_id": "subnet-0882e5dde0460afc1"
          },
          "sensitive_attributes": [],
          "private": "bnVsbA==",
          "dependencies": [
            "module.vpc.aws_internet_gateway.igw",
            "module.vpc.aws_route_table.private_route_table",
            "module.vpc.aws_subnet.private_subnet",
            "module.vpc.aws_vpc.custom_vpc",
            "module.vpc.data.aws_availability_zones.available"
          ]
        },
        {
          "index_key": "us-west-2b",
          "schema_version": 0,
          "attributes": {
            "gateway_id": "",
            "id": "rtbassoc-00341e5f5f1acd61e",
            "route_table_id": "rtb-066b1b850a01db6e3",
            "subnet_id": "subnet-0f47a198cd80d93b4"
          },
          "sensitive_attributes": [],
          "private": "bnVsbA==",
          "dependencies": [
            "module.vpc.aws_internet_gateway.igw",
            "module.vpc.aws_route_table.private_route_table",
            "module.vpc.aws_subnet.private_subnet",
            "module.vpc.aws_vpc.custom_vpc",
            "module.vpc.data.aws_availability_zones.available"
          ]
        },
        {
          "index_key": "us-west-2c",
          "schema_version": 0,
          "attributes": {
            "gateway_id": "",
            "id": "rtbassoc-0ef52428078287011",
            "route_table_id": "rtb-066b1b850a01db6e3",
            "subnet_id": "subnet-00ed4d55f2709f143"
          },
          "sensitive_attributes": [],
          "private": "bnVsbA==",
          "dependencies": [
            "module.vpc.aws_internet_gateway.igw",
            "module.vpc.aws_route_table.private_route_table",
            "module.vpc.aws_subnet.private_subnet",
            "module.vpc.aws_vpc.custom_vpc",
            "module.vpc.data.aws_availability_zones.available"
          ]
        },
        {
          "index_key": "us-west-2d",
          "schema_version": 0,
          "attributes": {
            "gateway_id": "",
            "id": "rtbassoc-082524a63b8694a2c",
            "route_table_id": "rtb-066b1b850a01db6e3",
            "subnet_id": "subnet-00b69d899813e3a89"
          },
          "sensitive_attributes": [],
          "private": "bnVsbA==",
          "dependencies": [
            "module.vpc.aws_internet_gateway.igw",
            "module.vpc.aws_route_table.private_route_table",
            "module.vpc.aws_subnet.private_subnet",
            "module.vpc.aws_vpc.custom_vpc",
            "module.vpc.data.aws_availability_zones.available"
          ]
        }
      ]
    },
    {
      "module": "module.vpc",
      "mode": "managed",
      "type": "aws_route_table_association",
      "name": "public_subnet_association",
      "provider": "provider[\"registry.terraform.io/hashicorp/aws\"]",
      "instances": [
        {
          "index_key": "us-west-2a",
          "schema_version": 0,
          "attributes": {
            "gateway_id": "",
            "id": "rtbassoc-01f98cb80f563f07a",
            "route_table_id": "rtb-049e76c685592a53b",
            "subnet_id": "subnet-01d253e866a40e9d5"
          },
          "sensitive_attributes": [],
          "private": "bnVsbA==",
          "dependencies": [
            "module.vpc.aws_internet_gateway.igw",
            "module.vpc.aws_route_table.public_route_table",
            "module.vpc.aws_subnet.public_subnet",
            "module.vpc.aws_vpc.custom_vpc",
            "module.vpc.data.aws_availability_zones.available"
          ]
        },
        {
          "index_key": "us-west-2b",
          "schema_version": 0,
          "attributes": {
            "gateway_id": "",
            "id": "rtbassoc-07229f6d90f750e31",
            "route_table_id": "rtb-049e76c685592a53b",
            "subnet_id": "subnet-09b1934a156df514a"
          },
          "sensitive_attributes": [],
          "private": "bnVsbA==",
          "dependencies": [
            "module.vpc.aws_internet_gateway.igw",
            "module.vpc.aws_route_table.public_route_table",
            "module.vpc.aws_subnet.public_subnet",
            "module.vpc.aws_vpc.custom_vpc",
            "module.vpc.data.aws_availability_zones.available"
          ]
        },
        {
          "index_key": "us-west-2c",
          "schema_version": 0,
          "attributes": {
            "gateway_id": "",
            "id": "rtbassoc-02560ce121483f917",
            "route_table_id": "rtb-049e76c685592a53b",
            "subnet_id": "subnet-0932f138ae1a802ae"
          },
          "sensitive_attributes": [],
          "private": "bnVsbA==",
          "dependencies": [
            "module.vpc.aws_internet_gateway.igw",
            "module.vpc.aws_route_table.public_route_table",
            "module.vpc.aws_subnet.public_subnet",
            "module.vpc.aws_vpc.custom_vpc",
            "module.vpc.data.aws_availability_zones.available"
          ]
        },
        {
          "index_key": "us-west-2d",
          "schema_version": 0,
          "attributes": {
            "gateway_id": "",
            "id": "rtbassoc-0fa218b5c7b5ed94f",
            "route_table_id": "rtb-049e76c685592a53b",
            "subnet_id": "subnet-01e90c5ba549a635a"
          },
          "sensitive_attributes": [],
          "private": "bnVsbA==",
          "dependencies": [
            "module.vpc.aws_internet_gateway.igw",
            "module.vpc.aws_route_table.public_route_table",
            "module.vpc.aws_subnet.public_subnet",
            "module.vpc.aws_vpc.custom_vpc",
            "module.vpc.data.aws_availability_zones.available"
          ]
        }
      ]
    },
    {
      "module": "module.vpc",
      "mode": "managed",
      "type": "aws_subnet",
      "name": "private_subnet",
      "provider": "provider[\"registry.terraform.io/hashicorp/aws\"]",
      "instances": [
        {
          "index_key": "us-west-2a",
          "schema_version": 1,
          "attributes": {
            "arn": "arn:aws:ec2:us-west-2:657114950082:subnet/subnet-0882e5dde0460afc1",
            "assign_ipv6_address_on_creation": false,
            "availability_zone": "us-west-2a",
            "availability_zone_id": "usw2-az1",
            "cidr_block": "10.0.1.0/24",
            "customer_owned_ipv4_pool": "",
            "enable_dns64": false,
            "enable_resource_name_dns_a_record_on_launch": false,
            "enable_resource_name_dns_aaaa_record_on_launch": false,
            "id": "subnet-0882e5dde0460afc1",
            "ipv6_cidr_block": "",
            "ipv6_cidr_block_association_id": "",
            "ipv6_native": false,
            "map_customer_owned_ip_on_launch": false,
            "map_public_ip_on_launch": false,
            "outpost_arn": "",
            "owner_id": "657114950082",
            "private_dns_hostname_type_on_launch": "ip-name",
            "tags": {
              "Name": "custom-vpc-private-us-west-2a"
            },
            "tags_all": {
              "ManagedBy": "Terraform",
              "Name": "custom-vpc-private-us-west-2a",
              "Project": "project"
            },
            "timeouts": null,
            "vpc_id": "vpc-01df5a51282f12362"
          },
          "sensitive_attributes": [],
          "private": "eyJlMmJmYjczMC1lY2FhLTExZTYtOGY4OC0zNDM2M2JjN2M0YzAiOnsiY3JlYXRlIjo2MDAwMDAwMDAwMDAsImRlbGV0ZSI6MTIwMDAwMDAwMDAwMH0sInNjaGVtYV92ZXJzaW9uIjoiMSJ9",
          "dependencies": [
            "module.vpc.aws_vpc.custom_vpc",
            "module.vpc.data.aws_availability_zones.available"
          ]
        },
        {
          "index_key": "us-west-2b",
          "schema_version": 1,
          "attributes": {
            "arn": "arn:aws:ec2:us-west-2:657114950082:subnet/subnet-0f47a198cd80d93b4",
            "assign_ipv6_address_on_creation": false,
            "availability_zone": "us-west-2b",
            "availability_zone_id": "usw2-az2",
            "cidr_block": "10.0.3.0/24",
            "customer_owned_ipv4_pool": "",
            "enable_dns64": false,
            "enable_resource_name_dns_a_record_on_launch": false,
            "enable_resource_name_dns_aaaa_record_on_launch": false,
            "id": "subnet-0f47a198cd80d93b4",
            "ipv6_cidr_block": "",
            "ipv6_cidr_block_association_id": "",
            "ipv6_native": false,
            "map_customer_owned_ip_on_launch": false,
            "map_public_ip_on_launch": false,
            "outpost_arn": "",
            "owner_id": "657114950082",
            "private_dns_hostname_type_on_launch": "ip-name",
            "tags": {
              "Name": "custom-vpc-private-us-west-2b"
            },
            "tags_all": {
              "ManagedBy": "Terraform",
              "Name": "custom-vpc-private-us-west-2b",
              "Project": "project"
            },
            "timeouts": null,
            "vpc_id": "vpc-01df5a51282f12362"
          },
          "sensitive_attributes": [],
          "private": "eyJlMmJmYjczMC1lY2FhLTExZTYtOGY4OC0zNDM2M2JjN2M0YzAiOnsiY3JlYXRlIjo2MDAwMDAwMDAwMDAsImRlbGV0ZSI6MTIwMDAwMDAwMDAwMH0sInNjaGVtYV92ZXJzaW9uIjoiMSJ9",
          "dependencies": [
            "module.vpc.aws_vpc.custom_vpc",
            "module.vpc.data.aws_availability_zones.available"
          ]
        },
        {
          "index_key": "us-west-2c",
          "schema_version": 1,
          "attributes": {
            "arn": "arn:aws:ec2:us-west-2:657114950082:subnet/subnet-00ed4d55f2709f143",
            "assign_ipv6_address_on_creation": false,
            "availability_zone": "us-west-2c",
            "availability_zone_id": "usw2-az3",
            "cidr_block": "10.0.5.0/24",
            "customer_owned_ipv4_pool": "",
            "enable_dns64": false,
            "enable_resource_name_dns_a_record_on_launch": false,
            "enable_resource_name_dns_aaaa_record_on_launch": false,
            "id": "subnet-00ed4d55f2709f143",
            "ipv6_cidr_block": "",
            "ipv6_cidr_block_association_id": "",
            "ipv6_native": false,
            "map_customer_owned_ip_on_launch": false,
            "map_public_ip_on_launch": false,
            "outpost_arn": "",
            "owner_id": "657114950082",
            "private_dns_hostname_type_on_launch": "ip-name",
            "tags": {
              "Name": "custom-vpc-private-us-west-2c"
            },
            "tags_all": {
              "ManagedBy": "Terraform",
              "Name": "custom-vpc-private-us-west-2c",
              "Project": "project"
            },
            "timeouts": null,
            "vpc_id": "vpc-01df5a51282f12362"
          },
          "sensitive_attributes": [],
          "private": "eyJlMmJmYjczMC1lY2FhLTExZTYtOGY4OC0zNDM2M2JjN2M0YzAiOnsiY3JlYXRlIjo2MDAwMDAwMDAwMDAsImRlbGV0ZSI6MTIwMDAwMDAwMDAwMH0sInNjaGVtYV92ZXJzaW9uIjoiMSJ9",
          "dependencies": [
            "module.vpc.aws_vpc.custom_vpc",
            "module.vpc.data.aws_availability_zones.available"
          ]
        },
        {
          "index_key": "us-west-2d",
          "schema_version": 1,
          "attributes": {
            "arn": "arn:aws:ec2:us-west-2:657114950082:subnet/subnet-00b69d899813e3a89",
            "assign_ipv6_address_on_creation": false,
            "availability_zone": "us-west-2d",
            "availability_zone_id": "usw2-az4",
            "cidr_block": "10.0.7.0/24",
            "customer_owned_ipv4_pool": "",
            "enable_dns64": false,
            "enable_resource_name_dns_a_record_on_launch": false,
            "enable_resource_name_dns_aaaa_record_on_launch": false,
            "id": "subnet-00b69d899813e3a89",
            "ipv6_cidr_block": "",
            "ipv6_cidr_block_association_id": "",
            "ipv6_native": false,
            "map_customer_owned_ip_on_launch": false,
            "map_public_ip_on_launch": false,
            "outpost_arn": "",
            "owner_id": "657114950082",
            "private_dns_hostname_type_on_launch": "ip-name",
            "tags": {
              "Name": "custom-vpc-private-us-west-2d"
            },
            "tags_all": {
              "ManagedBy": "Terraform",
              "Name": "custom-vpc-private-us-west-2d",
              "Project": "project"
            },
            "timeouts": null,
            "vpc_id": "vpc-01df5a51282f12362"
          },
          "sensitive_attributes": [],
          "private": "eyJlMmJmYjczMC1lY2FhLTExZTYtOGY4OC0zNDM2M2JjN2M0YzAiOnsiY3JlYXRlIjo2MDAwMDAwMDAwMDAsImRlbGV0ZSI6MTIwMDAwMDAwMDAwMH0sInNjaGVtYV92ZXJzaW9uIjoiMSJ9",
          "dependencies": [
            "module.vpc.aws_vpc.custom_vpc",
            "module.vpc.data.aws_availability_zones.available"
          ]
        }
      ]
    },
    {
      "module": "module.vpc",
      "mode": "managed",
      "type": "aws_subnet",
      "name": "public_subnet",
      "provider": "provider[\"registry.terraform.io/hashicorp/aws\"]",
      "instances": [
        {
          "index_key": "us-west-2a",
          "schema_version": 1,
          "attributes": {
            "arn": "arn:aws:ec2:us-west-2:657114950082:subnet/subnet-01d253e866a40e9d5",
            "assign_ipv6_address_on_creation": false,
            "availability_zone": "us-west-2a",
            "availability_zone_id": "usw2-az1",
            "cidr_block": "10.0.0.0/24",
            "customer_owned_ipv4_pool": "",
            "enable_dns64": false,
            "enable_resource_name_dns_a_record_on_launch": false,
            "enable_resource_name_dns_aaaa_record_on_launch": false,
            "id": "subnet-01d253e866a40e9d5",
            "ipv6_cidr_block": "",
            "ipv6_cidr_block_association_id": "",
            "ipv6_native": false,
            "map_customer_owned_ip_on_launch": false,
            "map_public_ip_on_launch": true,
            "outpost_arn": "",
            "owner_id": "657114950082",
            "private_dns_hostname_type_on_launch": "ip-name",
            "tags": {
              "Name": "custom-vpc-public-us-west-2a"
            },
            "tags_all": {
              "ManagedBy": "Terraform",
              "Name": "custom-vpc-public-us-west-2a",
              "Project": "project"
            },
            "timeouts": null,
            "vpc_id": "vpc-01df5a51282f12362"
          },
          "sensitive_attributes": [],
          "private": "eyJlMmJmYjczMC1lY2FhLTExZTYtOGY4OC0zNDM2M2JjN2M0YzAiOnsiY3JlYXRlIjo2MDAwMDAwMDAwMDAsImRlbGV0ZSI6MTIwMDAwMDAwMDAwMH0sInNjaGVtYV92ZXJzaW9uIjoiMSJ9",
          "dependencies": [
            "module.vpc.aws_vpc.custom_vpc",
            "module.vpc.data.aws_availability_zones.available"
          ]
        },
        {
          "index_key": "us-west-2b",
          "schema_version": 1,
          "attributes": {
            "arn": "arn:aws:ec2:us-west-2:657114950082:subnet/subnet-09b1934a156df514a",
            "assign_ipv6_address_on_creation": false,
            "availability_zone": "us-west-2b",
            "availability_zone_id": "usw2-az2",
            "cidr_block": "10.0.2.0/24",
            "customer_owned_ipv4_pool": "",
            "enable_dns64": false,
            "enable_resource_name_dns_a_record_on_launch": false,
            "enable_resource_name_dns_aaaa_record_on_launch": false,
            "id": "subnet-09b1934a156df514a",
            "ipv6_cidr_block": "",
            "ipv6_cidr_block_association_id": "",
            "ipv6_native": false,
            "map_customer_owned_ip_on_launch": false,
            "map_public_ip_on_launch": true,
            "outpost_arn": "",
            "owner_id": "657114950082",
            "private_dns_hostname_type_on_launch": "ip-name",
            "tags": {
              "Name": "custom-vpc-public-us-west-2b"
            },
            "tags_all": {
              "ManagedBy": "Terraform",
              "Name": "custom-vpc-public-us-west-2b",
              "Project": "project"
            },
            "timeouts": null,
            "vpc_id": "vpc-01df5a51282f12362"
          },
          "sensitive_attributes": [],
          "private": "eyJlMmJmYjczMC1lY2FhLTExZTYtOGY4OC0zNDM2M2JjN2M0YzAiOnsiY3JlYXRlIjo2MDAwMDAwMDAwMDAsImRlbGV0ZSI6MTIwMDAwMDAwMDAwMH0sInNjaGVtYV92ZXJzaW9uIjoiMSJ9",
          "dependencies": [
            "module.vpc.aws_vpc.custom_vpc",
            "module.vpc.data.aws_availability_zones.available"
          ]
        },
        {
          "index_key": "us-west-2c",
          "schema_version": 1,
          "attributes": {
            "arn": "arn:aws:ec2:us-west-2:657114950082:subnet/subnet-0932f138ae1a802ae",
            "assign_ipv6_address_on_creation": false,
            "availability_zone": "us-west-2c",
            "availability_zone_id": "usw2-az3",
            "cidr_block": "10.0.4.0/24",
            "customer_owned_ipv4_pool": "",
            "enable_dns64": false,
            "enable_resource_name_dns_a_record_on_launch": false,
            "enable_resource_name_dns_aaaa_record_on_launch": false,
            "id": "subnet-0932f138ae1a802ae",
            "ipv6_cidr_block": "",
            "ipv6_cidr_block_association_id": "",
            "ipv6_native": false,
            "map_customer_owned_ip_on_launch": false,
            "map_public_ip_on_launch": true,
            "outpost_arn": "",
            "owner_id": "657114950082",
            "private_dns_hostname_type_on_launch": "ip-name",
            "tags": {
              "Name": "custom-vpc-public-us-west-2c"
            },
            "tags_all": {
              "ManagedBy": "Terraform",
              "Name": "custom-vpc-public-us-west-2c",
              "Project": "project"
            },
            "timeouts": null,
            "vpc_id": "vpc-01df5a51282f12362"
          },
          "sensitive_attributes": [],
          "private": "eyJlMmJmYjczMC1lY2FhLTExZTYtOGY4OC0zNDM2M2JjN2M0YzAiOnsiY3JlYXRlIjo2MDAwMDAwMDAwMDAsImRlbGV0ZSI6MTIwMDAwMDAwMDAwMH0sInNjaGVtYV92ZXJzaW9uIjoiMSJ9",
          "dependencies": [
            "module.vpc.aws_vpc.custom_vpc",
            "module.vpc.data.aws_availability_zones.available"
          ]
        },
        {
          "index_key": "us-west-2d",
          "schema_version": 1,
          "attributes": {
            "arn": "arn:aws:ec2:us-west-2:657114950082:subnet/subnet-01e90c5ba549a635a",
            "assign_ipv6_address_on_creation": false,
            "availability_zone": "us-west-2d",
            "availability_zone_id": "usw2-az4",
            "cidr_block": "10.0.6.0/24",
            "customer_owned_ipv4_pool": "",
            "enable_dns64": false,
            "enable_resource_name_dns_a_record_on_launch": false,
            "enable_resource_name_dns_aaaa_record_on_launch": false,
            "id": "subnet-01e90c5ba549a635a",
            "ipv6_cidr_block": "",
            "ipv6_cidr_block_association_id": "",
            "ipv6_native": false,
            "map_customer_owned_ip_on_launch": false,
            "map_public_ip_on_launch": true,
            "outpost_arn": "",
            "owner_id": "657114950082",
            "private_dns_hostname_type_on_launch": "ip-name",
            "tags": {
              "Name": "custom-vpc-public-us-west-2d"
            },
            "tags_all": {
              "ManagedBy": "Terraform",
              "Name": "custom-vpc-public-us-west-2d",
              "Project": "project"
            },
            "timeouts": null,
            "vpc_id": "vpc-01df5a51282f12362"
          },
          "sensitive_attributes": [],
          "private": "eyJlMmJmYjczMC1lY2FhLTExZTYtOGY4OC0zNDM2M2JjN2M0YzAiOnsiY3JlYXRlIjo2MDAwMDAwMDAwMDAsImRlbGV0ZSI6MTIwMDAwMDAwMDAwMH0sInNjaGVtYV92ZXJzaW9uIjoiMSJ9",
          "dependencies": [
            "module.vpc.aws_vpc.custom_vpc",
            "module.vpc.data.aws_availability_zones.available"
          ]
        }
      ]
    },
    {
      "module": "module.vpc",
      "mode": "managed",
      "type": "aws_vpc",
      "name": "custom_vpc",
      "provider": "provider[\"registry.terraform.io/hashicorp/aws\"]",
      "instances": [
        {
          "schema_version": 1,
          "attributes": {
            "arn": "arn:aws:ec2:us-west-2:657114950082:vpc/vpc-01df5a51282f12362",
            "assign_generated_ipv6_cidr_block": false,
            "cidr_block": "10.0.0.0/16",
            "default_network_acl_id": "acl-0ac0e85de4090a90a",
            "default_route_table_id": "rtb-0afb885d117db07de",
            "default_security_group_id": "sg-01b523c5f9659de54",
            "dhcp_options_id": "dopt-0b78774cc71be5e1c",
            "enable_classiclink": false,
            "enable_classiclink_dns_support": false,
            "enable_dns_hostnames": true,
            "enable_dns_support": true,
            "id": "vpc-01df5a51282f12362",
            "instance_tenancy": "default",
            "ipv4_ipam_pool_id": null,
            "ipv4_netmask_length": null,
            "ipv6_association_id": "",
            "ipv6_cidr_block": "",
            "ipv6_cidr_block_network_border_group": "",
            "ipv6_ipam_pool_id": "",
            "ipv6_netmask_length": 0,
            "main_route_table_id": "rtb-0afb885d117db07de",
            "owner_id": "657114950082",
            "tags": {
              "Name": "custom-vpc"
            },
            "tags_all": {
              "ManagedBy": "Terraform",
              "Name": "custom-vpc",
              "Project": "project"
            }
          },
          "sensitive_attributes": [],
          "private": "eyJzY2hlbWFfdmVyc2lvbiI6IjEifQ=="
        }
      ]
    }
  ],
  "check_results": null
}
